
Microsoft Visual Studio Solution File, Format Version 12.00
# Visual Studio Version 17
VisualStudioVersion = 17.11.35303.130
MinimumVisualStudioVersion = 10.0.40219.1
Project("{FAE04EC0-301F-11D3-BF4B-00C04F79EFBC}") = "FootballClubIS", "FootballClubIS\FootballClubIS.csproj", "{7E7CC1F3-4873-4165-897F-0049421ED8BC}"
EndProject
Global
	GlobalSection(SolutionConfigurationPlatforms) = preSolution
		Debug|Any CPU = Debug|Any CPU
		Release|Any CPU = Release|Any CPU
	EndGlobalSection
	GlobalSection(ProjectConfigurationPlatforms) = postSolution
		{7E7CC1F3-4873-4165-897F-0049421ED8BC}.Debug|Any CPU.ActiveCfg = Debug|Any CPU
		{7E7CC1F3-4873-4165-897F-0049421ED8BC}.Debug|Any CPU.Build.0 = Debug|Any CPU
		{7E7CC1F3-4873-4165-897F-0049421ED8BC}.Release|Any CPU.ActiveCfg = Release|Any CPU
		{7E7CC1F3-4873-4165-897F-0049421ED8BC}.Release|Any CPU.Build.0 = Release|Any CPU
	EndGlobalSection
	GlobalSection(SolutionProperties) = preSolution
		HideSolutionNode = FALSE
	EndGlobalSection
	GlobalSection(ExtensibilityGlobals) = postSolution
		SolutionGuid = {A609E035-54A8-45FC-9367-AF03161ABDA9}
	EndGlobalSection
EndGlobal
