
Microsoft Visual Studio Solution File, Format Version 12.00
# Visual Studio Version 17
VisualStudioVersion = 17.12.35707.178
MinimumVisualStudioVersion = 10.0.40219.1
Project("{FAE04EC0-301F-11D3-BF4B-00C04F79EFBC}") = "SandboxOne", "SandboxOne.csproj", "{961058DD-2D0A-413B-ADEE-542866317174}"
EndProject
Project("{FAE04EC0-301F-11D3-BF4B-00C04F79EFBC}") = "Second", "..\Second\Second.csproj", "{2E43ABA1-2E33-403F-88CF-F22DD2988A1B}"
EndProject
Project("{FAE04EC0-301F-11D3-BF4B-00C04F79EFBC}") = "Third", "..\Third\Third.csproj", "{31E0496A-9754-4588-8C96-FB6BFD89165B}"
EndProject
Project("{FAE04EC0-301F-11D3-BF4B-00C04F79EFBC}") = "Four", "..\Four\Four.csproj", "{2D30AC32-4E91-424E-8B25-8113F81B4A64}"
EndProject
Global
	GlobalSection(SolutionConfigurationPlatforms) = preSolution
		Debug|Any CPU = Debug|Any CPU
		Release|Any CPU = Release|Any CPU
	EndGlobalSection
	GlobalSection(ProjectConfigurationPlatforms) = postSolution
		{961058DD-2D0A-413B-ADEE-542866317174}.Debug|Any CPU.ActiveCfg = Debug|Any CPU
		{961058DD-2D0A-413B-ADEE-542866317174}.Debug|Any CPU.Build.0 = Debug|Any CPU
		{961058DD-2D0A-413B-ADEE-542866317174}.Release|Any CPU.ActiveCfg = Release|Any CPU
		{961058DD-2D0A-413B-ADEE-542866317174}.Release|Any CPU.Build.0 = Release|Any CPU
		{2E43ABA1-2E33-403F-88CF-F22DD2988A1B}.Debug|Any CPU.ActiveCfg = Debug|Any CPU
		{2E43ABA1-2E33-403F-88CF-F22DD2988A1B}.Debug|Any CPU.Build.0 = Debug|Any CPU
		{2E43ABA1-2E33-403F-88CF-F22DD2988A1B}.Release|Any CPU.ActiveCfg = Release|Any CPU
		{2E43ABA1-2E33-403F-88CF-F22DD2988A1B}.Release|Any CPU.Build.0 = Release|Any CPU
		{31E0496A-9754-4588-8C96-FB6BFD89165B}.Debug|Any CPU.ActiveCfg = Debug|Any CPU
		{31E0496A-9754-4588-8C96-FB6BFD89165B}.Debug|Any CPU.Build.0 = Debug|Any CPU
		{31E0496A-9754-4588-8C96-FB6BFD89165B}.Release|Any CPU.ActiveCfg = Release|Any CPU
		{31E0496A-9754-4588-8C96-FB6BFD89165B}.Release|Any CPU.Build.0 = Release|Any CPU
		{2D30AC32-4E91-424E-8B25-8113F81B4A64}.Debug|Any CPU.ActiveCfg = Debug|Any CPU
		{2D30AC32-4E91-424E-8B25-8113F81B4A64}.Debug|Any CPU.Build.0 = Debug|Any CPU
		{2D30AC32-4E91-424E-8B25-8113F81B4A64}.Release|Any CPU.ActiveCfg = Release|Any CPU
		{2D30AC32-4E91-424E-8B25-8113F81B4A64}.Release|Any CPU.Build.0 = Release|Any CPU
	EndGlobalSection
	GlobalSection(SolutionProperties) = preSolution
		HideSolutionNode = FALSE
	EndGlobalSection
EndGlobal
